PODS:
  - audio_service (0.0.1):
    - Flutter
    - FlutterMacOS
  - audio_session (0.0.1):
    - FlutterMacOS
  - connectivity_plus (0.0.1):
    - FlutterMacOS
  - Firebase/Analytics (11.8.0):
    - Firebase/Core
  - Firebase/Core (11.8.0):
    - Firebase/CoreOnly
    - FirebaseAnalytics (~> 11.8.0)
  - Firebase/CoreOnly (11.8.0):
    - FirebaseCore (~> 11.8.0)
  - Firebase/Crashlytics (11.8.0):
    - Firebase/CoreOnly
    - FirebaseCrashlytics (~> 11.8.0)
  - firebase_analytics (11.4.4):
    - Firebase/Analytics (= 11.8.0)
    - firebase_core
    - FlutterMacOS
  - firebase_core (3.12.1):
    - Firebase/CoreOnly (~> 11.8.0)
    - FlutterMacOS
  - firebase_crashlytics (4.3.4):
    - Firebase/CoreOnly (~> 11.8.0)
    - Firebase/Crashlytics (~> 11.8.0)
    - firebase_core
    - FlutterMacOS
  - FirebaseAnalytics (11.8.0):
    - FirebaseAnalytics/AdIdSupport (= 11.8.0)
    - FirebaseCore (~> 11.8.0)
    - FirebaseInstallations (~> 11.0)
    - GoogleUtilities/AppDelegateSwizzler (~> 8.0)
    - GoogleUtilities/MethodSwizzler (~> 8.0)
    - GoogleUtilities/Network (~> 8.0)
    - "GoogleUtilities/NSData+zlib (~> 8.0)"
    - nanopb (~> 3.30910.0)
  - FirebaseAnalytics/AdIdSupport (11.8.0):
    - FirebaseCore (~> 11.8.0)
    - FirebaseInstallations (~> 11.0)
    - GoogleAppMeasurement (= 11.8.0)
    - GoogleUtilities/AppDelegateSwizzler (~> 8.0)
    - GoogleUtilities/MethodSwizzler (~> 8.0)
    - GoogleUtilities/Network (~> 8.0)
    - "GoogleUtilities/NSData+zlib (~> 8.0)"
    - nanopb (~> 3.30910.0)
  - FirebaseCore (11.8.1):
    - FirebaseCoreInternal (~> 11.8.0)
    - GoogleUtilities/Environment (~> 8.0)
    - GoogleUtilities/Logger (~> 8.0)
  - FirebaseCoreExtension (11.8.0):
    - FirebaseCore (~> 11.8.0)
  - FirebaseCoreInternal (11.8.0):
    - "GoogleUtilities/NSData+zlib (~> 8.0)"
  - FirebaseCrashlytics (11.8.0):
    - FirebaseCore (~> 11.8.0)
    - FirebaseInstallations (~> 11.0)
    - FirebaseRemoteConfigInterop (~> 11.0)
    - FirebaseSessions (~> 11.0)
    - GoogleDataTransport (~> 10.0)
    - GoogleUtilities/Environment (~> 8.0)
    - nanopb (~> 3.30910.0)
    - PromisesObjC (~> 2.4)
  - FirebaseInstallations (11.8.0):
    - FirebaseCore (~> 11.8.0)
    - GoogleUtilities/Environment (~> 8.0)
    - GoogleUtilities/UserDefaults (~> 8.0)
    - PromisesObjC (~> 2.4)
  - FirebaseRemoteConfigInterop (11.9.0)
  - FirebaseSessions (11.8.0):
    - FirebaseCore (~> 11.8.0)
    - FirebaseCoreExtension (~> 11.8.0)
    - FirebaseInstallations (~> 11.0)
    - GoogleDataTransport (~> 10.0)
    - GoogleUtilities/Environment (~> 8.0)
    - GoogleUtilities/UserDefaults (~> 8.0)
    - nanopb (~> 3.30910.0)
    - PromisesSwift (~> 2.1)
  - FlutterMacOS (1.0.0)
  - GoogleAppMeasurement (11.8.0):
    - GoogleAppMeasurement/AdIdSupport (= 11.8.0)
    - GoogleUtilities/AppDelegateSwizzler (~> 8.0)
    - GoogleUtilities/MethodSwizzler (~> 8.0)
    - GoogleUtilities/Network (~> 8.0)
    - "GoogleUtilities/NSData+zlib (~> 8.0)"
    - nanopb (~> 3.30910.0)
  - GoogleAppMeasurement/AdIdSupport (11.8.0):
    - GoogleAppMeasurement/WithoutAdIdSupport (= 11.8.0)
    - GoogleUtilities/AppDelegateSwizzler (~> 8.0)
    - GoogleUtilities/MethodSwizzler (~> 8.0)
    - GoogleUtilities/Network (~> 8.0)
    - "GoogleUtilities/NSData+zlib (~> 8.0)"
    - nanopb (~> 3.30910.0)
  - GoogleAppMeasurement/WithoutAdIdSupport (11.8.0):
    - GoogleUtilities/AppDelegateSwizzler (~> 8.0)
    - GoogleUtilities/MethodSwizzler (~> 8.0)
    - GoogleUtilities/Network (~> 8.0)
    - "GoogleUtilities/NSData+zlib (~> 8.0)"
    - nanopb (~> 3.30910.0)
  - GoogleDataTransport (10.1.0):
    - nanopb (~> 3.30910.0)
    - PromisesObjC (~> 2.4)
  - GoogleUtilities/AppDelegateSwizzler (8.0.2):
    - GoogleUtilities/Environment
    - GoogleUtilities/Logger
    - GoogleUtilities/Network
    - GoogleUtilities/Privacy
  - GoogleUtilities/Environment (8.0.2):
    - GoogleUtilities/Privacy
  - GoogleUtilities/Logger (8.0.2):
    - GoogleUtilities/Environment
    - GoogleUtilities/Privacy
  - GoogleUtilities/MethodSwizzler (8.0.2):
    - GoogleUtilities/Logger
    - GoogleUtilities/Privacy
  - GoogleUtilities/Network (8.0.2):
    - GoogleUtilities/Logger
    - "GoogleUtilities/NSData+zlib"
    - GoogleUtilities/Privacy
    - GoogleUtilities/Reachability
  - "GoogleUtilities/NSData+zlib (8.0.2)":
    - GoogleUtilities/Privacy
  - GoogleUtilities/Privacy (8.0.2)
  - GoogleUtilities/Reachability (8.0.2):
    - GoogleUtilities/Logger
    - GoogleUtilities/Privacy
  - GoogleUtilities/UserDefaults (8.0.2):
    - GoogleUtilities/Logger
    - GoogleUtilities/Privacy
  - nanopb (3.30910.0):
    - nanopb/decode (= 3.30910.0)
    - nanopb/encode (= 3.30910.0)
  - nanopb/decode (3.30910.0)
  - nanopb/encode (3.30910.0)
  - path_provider_foundation (0.0.1):
    - Flutter
    - FlutterMacOS
  - PromisesObjC (2.4.0)
  - PromisesSwift (2.4.0):
    - PromisesObjC (= 2.4.0)
  - rust_lib_annix (0.0.1):
    - FlutterMacOS
  - share_plus (0.0.1):
    - FlutterMacOS
  - sqflite (0.0.3):
    - Flutter
    - FlutterMacOS
  - "sqlite3 (3.46.0+1)":
    - "sqlite3/common (= 3.46.0+1)"
  - "sqlite3/common (3.46.0+1)"
  - "sqlite3/dbstatvtab (3.46.0+1)":
    - sqlite3/common
  - "sqlite3/fts5 (3.46.0+1)":
    - sqlite3/common
  - "sqlite3/perf-threadsafe (3.46.0+1)":
    - sqlite3/common
  - "sqlite3/rtree (3.46.0+1)":
    - sqlite3/common
  - sqlite3_flutter_libs (0.0.1):
    - FlutterMacOS
    - "sqlite3 (~> 3.46.0+1)"
    - sqlite3/dbstatvtab
    - sqlite3/fts5
    - sqlite3/perf-threadsafe
    - sqlite3/rtree
  - url_launcher_macos (0.0.1):
    - FlutterMacOS

DEPENDENCIES:
  - audio_service (from `Flutter/ephemeral/.symlinks/plugins/audio_service/darwin`)
  - audio_session (from `Flutter/ephemeral/.symlinks/plugins/audio_session/macos`)
  - connectivity_plus (from `Flutter/ephemeral/.symlinks/plugins/connectivity_plus/macos`)
  - firebase_analytics (from `Flutter/ephemeral/.symlinks/plugins/firebase_analytics/macos`)
  - firebase_core (from `Flutter/ephemeral/.symlinks/plugins/firebase_core/macos`)
  - firebase_crashlytics (from `Flutter/ephemeral/.symlinks/plugins/firebase_crashlytics/macos`)
  - FlutterMacOS (from `Flutter/ephemeral`)
  - path_provider_foundation (from `Flutter/ephemeral/.symlinks/plugins/path_provider_foundation/darwin`)
  - rust_lib_annix (from `Flutter/ephemeral/.symlinks/plugins/rust_lib_annix/macos`)
  - share_plus (from `Flutter/ephemeral/.symlinks/plugins/share_plus/macos`)
  - sqflite (from `Flutter/ephemeral/.symlinks/plugins/sqflite/darwin`)
  - sqlite3_flutter_libs (from `Flutter/ephemeral/.symlinks/plugins/sqlite3_flutter_libs/macos`)
  - url_launcher_macos (from `Flutter/ephemeral/.symlinks/plugins/url_launcher_macos/macos`)

SPEC REPOS:
  trunk:
    - Firebase
    - FirebaseAnalytics
    - FirebaseCore
    - FirebaseCoreExtension
    - FirebaseCoreInternal
    - FirebaseCrashlytics
    - FirebaseInstallations
    - FirebaseRemoteConfigInterop
    - FirebaseSessions
    - GoogleAppMeasurement
    - GoogleDataTransport
    - GoogleUtilities
    - nanopb
    - PromisesObjC
    - PromisesSwift
    - sqlite3

EXTERNAL SOURCES:
  audio_service:
    :path: Flutter/ephemeral/.symlinks/plugins/audio_service/darwin
  audio_session:
    :path: Flutter/ephemeral/.symlinks/plugins/audio_session/macos
  connectivity_plus:
    :path: Flutter/ephemeral/.symlinks/plugins/connectivity_plus/macos
  firebase_analytics:
    :path: Flutter/ephemeral/.symlinks/plugins/firebase_analytics/macos
  firebase_core:
    :path: Flutter/ephemeral/.symlinks/plugins/firebase_core/macos
  firebase_crashlytics:
    :path: Flutter/ephemeral/.symlinks/plugins/firebase_crashlytics/macos
  FlutterMacOS:
    :path: Flutter/ephemeral
  path_provider_foundation:
    :path: Flutter/ephemeral/.symlinks/plugins/path_provider_foundation/darwin
  rust_lib_annix:
    :path: Flutter/ephemeral/.symlinks/plugins/rust_lib_annix/macos
  share_plus:
    :path: Flutter/ephemeral/.symlinks/plugins/share_plus/macos
  sqflite:
    :path: Flutter/ephemeral/.symlinks/plugins/sqflite/darwin
  sqlite3_flutter_libs:
    :path: Flutter/ephemeral/.symlinks/plugins/sqlite3_flutter_libs/macos
  url_launcher_macos:
    :path: Flutter/ephemeral/.symlinks/plugins/url_launcher_macos/macos

SPEC CHECKSUMS:
  audio_service: aa99a6ba2ae7565996015322b0bb024e1d25c6fd
  audio_session: eaca2512cf2b39212d724f35d11f46180ad3a33e
  connectivity_plus: 4adf20a405e25b42b9c9f87feff8f4b6fde18a4e
  Firebase: d80354ed7f6df5f9aca55e9eb47cc4b634735eaf
  firebase_analytics: 2c7864ab677e8a178a6dd4126de1d19e9d9a7bf3
  firebase_core: 3dcdf8453dfb144a023ee70f49e0463b97177f71
  firebase_crashlytics: 9316017c5066772f1e97f4786a9771a9d386d80a
  FirebaseAnalytics: 4fd42def128146e24e480e89f310e3d8534ea42b
  FirebaseCore: 99fe0c4b44a39f37d99e6404e02009d2db5d718d
  FirebaseCoreExtension: 3d3f2017a00d06e09ab4ebe065391b0bb642565e
  FirebaseCoreInternal: df24ce5af28864660ecbd13596fc8dd3a8c34629
  FirebaseCrashlytics: a1102c035f18d5dd94a5969ee439c526d0c9e313
  FirebaseInstallations: 6c963bd2a86aca0481eef4f48f5a4df783ae5917
  FirebaseRemoteConfigInterop: 710954a00e956c5fe5144a8e46164f0361389203
  FirebaseSessions: c4d40a97f88f9eaff2834d61b4fea0a522d62123
  FlutterMacOS: 8f6f14fa908a6fb3fba0cd85dbd81ec4b251fb24
  GoogleAppMeasurement: fc0817122bd4d4189164f85374e06773b9561896
  GoogleDataTransport: aae35b7ea0c09004c3797d53c8c41f66f219d6a7
  GoogleUtilities: 26a3abef001b6533cf678d3eb38fd3f614b7872d
  nanopb: fad817b59e0457d11a5dfbde799381cd727c1275
  path_provider_foundation: 080d55be775b7414fd5a5ef3ac137b97b097e564
  PromisesObjC: f5707f49cb48b9636751c5b2e7d227e43fba9f47
  PromisesSwift: 9d77319bbe72ebf6d872900551f7eeba9bce2851
  rust_lib_annix: 840b558e1522e40fc3f69286ae1ec8d20ac035f8
  share_plus: 11c7b7fa7020465584eca3ff6392c5bc1e399d6e
  sqflite: c35dad70033b8862124f8337cc994a809fcd9fa3
  sqlite3: 292c3e1bfe89f64e51ea7fc7dab9182a017c8630
  sqlite3_flutter_libs: 03311aede9d32fb2d24e32bebb8cd01c3b2e6239
  url_launcher_macos: de10e46d8d8b9e3a7b8a133e8de92b104379f05e

PODFILE CHECKSUM: 6ee491d2834a2beb2dd96dda71c0adb8387b6b89

COCOAPODS: 1.16.2
